
Microsoft Visual Studio Solution File, Format Version 12.00
# Visual Studio 15
VisualStudioVersion = 15.0.28307.329
MinimumVisualStudioVersion = 10.0.40219.1
Project("{FAE04EC0-301F-11D3-BF4B-00C04F79EFBC}") = "P2LectureWPF", "P2LectureWPF\P2LectureWPF.csproj", "{DC3DE6F6-C647-41C8-9A79-1FFF17DA65CB}"
EndProject
Global
	GlobalSection(SolutionConfigurationPlatforms) = preSolution
		Debug|Any CPU = Debug|Any CPU
		Release|Any CPU = Release|Any CPU
	EndGlobalSection
	GlobalSection(ProjectConfigurationPlatforms) = postSolution
		{DC3DE6F6-C647-41C8-9A79-1FFF17DA65CB}.Debug|Any CPU.ActiveCfg = Debug|Any CPU
		{DC3DE6F6-C647-41C8-9A79-1FFF17DA65CB}.Debug|Any CPU.Build.0 = Debug|Any CPU
		{DC3DE6F6-C647-41C8-9A79-1FFF17DA65CB}.Release|Any CPU.ActiveCfg = Release|Any CPU
		{DC3DE6F6-C647-41C8-9A79-1FFF17DA65CB}.Release|Any CPU.Build.0 = Release|Any CPU
	EndGlobalSection
	GlobalSection(SolutionProperties) = preSolution
		HideSolutionNode = FALSE
	EndGlobalSection
	GlobalSection(ExtensibilityGlobals) = postSolution
		SolutionGuid = {4FA93B53-49C1-4EFE-9292-75301A37706C}
	EndGlobalSection
EndGlobal
